
Microsoft Visual Studio Solution File, Format Version 12.00
# Visual Studio Version 16
VisualStudioVersion = 16.0.34301.259
MinimumVisualStudioVersion = 10.0.40219.1
Project("{FAE04EC0-301F-11D3-BF4B-00C04F79EFBC}") = "DoomLibrary", "DoomLibrary\DoomLibrary.csproj", "{3D662B50-2F46-41F9-9BC6-ACFDB0FAE8B2}"
EndProject
Global
	GlobalSection(SolutionConfigurationPlatforms) = preSolution
		Debug|Any CPU = Debug|Any CPU
		Release|Any CPU = Release|Any CPU
	EndGlobalSection
	GlobalSection(ProjectConfigurationPlatforms) = postSolution
		{3D662B50-2F46-41F9-9BC6-ACFDB0FAE8B2}.Debug|Any CPU.ActiveCfg = Debug|Any CPU
		{3D662B50-2F46-41F9-9BC6-ACFDB0FAE8B2}.Debug|Any CPU.Build.0 = Debug|Any CPU
		{3D662B50-2F46-41F9-9BC6-ACFDB0FAE8B2}.Release|Any CPU.ActiveCfg = Release|Any CPU
		{3D662B50-2F46-41F9-9BC6-ACFDB0FAE8B2}.Release|Any CPU.Build.0 = Release|Any CPU
	EndGlobalSection
	GlobalSection(SolutionProperties) = preSolution
		HideSolutionNode = FALSE
	EndGlobalSection
	GlobalSection(ExtensibilityGlobals) = postSolution
		SolutionGuid = {F6814A61-834F-442E-A494-CA9D15BB9A45}
	EndGlobalSection
EndGlobal
